// !$*UTF8*$!
{
	archiveVersion = 1;
	classes = {
	};
	objectVersion = 56;
	objects = {

/* Begin PBXBuildFile section */
		D73A65032B2197620045D1A0 /* PaymentSuccessView.swift in Sources */ = {isa = PBXBuildFile; fileRef = D73A65022B2197620045D1A0 /* PaymentSuccessView.swift */; };
		D73A65052B226D870045D1A0 /* ProfileView.swift in Sources */ = {isa = PBXBuildFile; fileRef = D73A65042B226D870045D1A0 /* ProfileView.swift */; };
		D796ABB02AEAF138009D97CE /* Nexus_Play_Mobile_AppApp.swift in Sources */ = {isa = PBXBuildFile; fileRef = D796ABAF2AEAF138009D97CE /* Nexus_Play_Mobile_AppApp.swift */; };
		D796ABB22AEAF138009D97CE /* LibraryView.swift in Sources */ = {isa = PBXBuildFile; fileRef = D796ABB12AEAF138009D97CE /* LibraryView.swift */; };
		D796ABB42AEAF13D009D97CE /* Assets.xcassets in Resources */ = {isa = PBXBuildFile; fileRef = D796ABB32AEAF13D009D97CE /* Assets.xcassets */; };
		D796ABB82AEAF13D009D97CE /* Preview Assets.xcassets in Resources */ = {isa = PBXBuildFile; fileRef = D796ABB72AEAF13D009D97CE /* Preview Assets.xcassets */; };
		D796ABC22AEAF13D009D97CE /* Nexus_Play_Mobile_AppTests.swift in Sources */ = {isa = PBXBuildFile; fileRef = D796ABC12AEAF13D009D97CE /* Nexus_Play_Mobile_AppTests.swift */; };
		D796ABCC2AEAF13D009D97CE /* Nexus_Play_Mobile_AppUITests.swift in Sources */ = {isa = PBXBuildFile; fileRef = D796ABCB2AEAF13D009D97CE /* Nexus_Play_Mobile_AppUITests.swift */; };
		D796ABCE2AEAF13D009D97CE /* Nexus_Play_Mobile_AppUITestsLaunchTests.swift in Sources */ = {isa = PBXBuildFile; fileRef = D796ABCD2AEAF13D009D97CE /* Nexus_Play_Mobile_AppUITestsLaunchTests.swift */; };
		D796ABE02AEAF846009D97CE /* GameTitle.swift in Sources */ = {isa = PBXBuildFile; fileRef = D796ABDF2AEAF846009D97CE /* GameTitle.swift */; };
		D796ABE52AEAF8E1009D97CE /* GameTitleAPI.swift in Sources */ = {isa = PBXBuildFile; fileRef = D796ABE42AEAF8E1009D97CE /* GameTitleAPI.swift */; };
		D796ABE72AEAF901009D97CE /* LibraryViewModel.swift in Sources */ = {isa = PBXBuildFile; fileRef = D796ABE62AEAF901009D97CE /* LibraryViewModel.swift */; };
		D796ABEB2AF5A218009D97CE /* MainView.swift in Sources */ = {isa = PBXBuildFile; fileRef = D796ABEA2AF5A218009D97CE /* MainView.swift */; };
		D799D0B72AFD81DA000057CD /* GameDescriptionView.swift in Sources */ = {isa = PBXBuildFile; fileRef = D799D0B62AFD81DA000057CD /* GameDescriptionView.swift */; };
		D799D0B92AFD835D000057CD /* GameDescription.swift in Sources */ = {isa = PBXBuildFile; fileRef = D799D0B82AFD835D000057CD /* GameDescription.swift */; };
		D799D0BB2AFD83EB000057CD /* GameDescriptionViewModel.swift in Sources */ = {isa = PBXBuildFile; fileRef = D799D0BA2AFD83EB000057CD /* GameDescriptionViewModel.swift */; };
		D799D0BD2AFD8EB8000057CD /* StoreView.swift in Sources */ = {isa = PBXBuildFile; fileRef = D799D0BC2AFD8EB8000057CD /* StoreView.swift */; };
		D799D0BF2B06B7B4000057CD /* CartView.swift in Sources */ = {isa = PBXBuildFile; fileRef = D799D0BE2B06B7B4000057CD /* CartView.swift */; };
		D799D0C12B06C448000057CD /* StoreDescriptionView.swift in Sources */ = {isa = PBXBuildFile; fileRef = D799D0C02B06C448000057CD /* StoreDescriptionView.swift */; };
		D799D0C32B19AEC8000057CD /* PaymentDetailsView.swift in Sources */ = {isa = PBXBuildFile; fileRef = D799D0C22B19AEC8000057CD /* PaymentDetailsView.swift */; };
/* End PBXBuildFile section */

/* Begin PBXContainerItemProxy section */
		D796ABBE2AEAF13D009D97CE /* PBXContainerItemProxy */ = {
			isa = PBXContainerItemProxy;
			containerPortal = D796ABA42AEAF137009D97CE /* Project object */;
			proxyType = 1;
			remoteGlobalIDString = D796ABAB2AEAF137009D97CE;
			remoteInfo = "Nexus Play Mobile App";
		};
		D796ABC82AEAF13D009D97CE /* PBXContainerItemProxy */ = {
			isa = PBXContainerItemProxy;
			containerPortal = D796ABA42AEAF137009D97CE /* Project object */;
			proxyType = 1;
			remoteGlobalIDString = D796ABAB2AEAF137009D97CE;
			remoteInfo = "Nexus Play Mobile App";
		};
/* End PBXContainerItemProxy section */

/* Begin PBXFileReference section */
		D73A65022B2197620045D1A0 /* PaymentSuccessView.swift */ = {isa = PBXFileReference; lastKnownFileType = sourcecode.swift; path = PaymentSuccessView.swift; sourceTree = "<group>"; };
		D73A65042B226D870045D1A0 /* ProfileView.swift */ = {isa = PBXFileReference; lastKnownFileType = sourcecode.swift; path = ProfileView.swift; sourceTree = "<group>"; };
		D796ABAC2AEAF137009D97CE /* Nexus Play Mobile App.app */ = {isa = PBXFileReference; explicitFileType = wrapper.application; includeInIndex = 0; path = "Nexus Play Mobile App.app"; sourceTree = BUILT_PRODUCTS_DIR; };
		D796ABAF2AEAF138009D97CE /* Nexus_Play_Mobile_AppApp.swift */ = {isa = PBXFileReference; lastKnownFileType = sourcecode.swift; path = Nexus_Play_Mobile_AppApp.swift; sourceTree = "<group>"; };
		D796ABB12AEAF138009D97CE /* LibraryView.swift */ = {isa = PBXFileReference; lastKnownFileType = sourcecode.swift; path = LibraryView.swift; sourceTree = "<group>"; };
		D796ABB32AEAF13D009D97CE /* Assets.xcassets */ = {isa = PBXFileReference; lastKnownFileType = folder.assetcatalog; path = Assets.xcassets; sourceTree = "<group>"; };
		D796ABB52AEAF13D009D97CE /* Nexus_Play_Mobile_App.entitlements */ = {isa = PBXFileReference; lastKnownFileType = text.plist.entitlements; path = Nexus_Play_Mobile_App.entitlements; sourceTree = "<group>"; };
		D796ABB72AEAF13D009D97CE /* Preview Assets.xcassets */ = {isa = PBXFileReference; lastKnownFileType = folder.assetcatalog; path = "Preview Assets.xcassets"; sourceTree = "<group>"; };
		D796ABBD2AEAF13D009D97CE /* Nexus Play Mobile AppTests.xctest */ = {isa = PBXFileReference; explicitFileType = wrapper.cfbundle; includeInIndex = 0; path = "Nexus Play Mobile AppTests.xctest"; sourceTree = BUILT_PRODUCTS_DIR; };
		D796ABC12AEAF13D009D97CE /* Nexus_Play_Mobile_AppTests.swift */ = {isa = PBXFileReference; lastKnownFileType = sourcecode.swift; path = Nexus_Play_Mobile_AppTests.swift; sourceTree = "<group>"; };
		D796ABC72AEAF13D009D97CE /* Nexus Play Mobile AppUITests.xctest */ = {isa = PBXFileReference; explicitFileType = wrapper.cfbundle; includeInIndex = 0; path = "Nexus Play Mobile AppUITests.xctest"; sourceTree = BUILT_PRODUCTS_DIR; };
		D796ABCB2AEAF13D009D97CE /* Nexus_Play_Mobile_AppUITests.swift */ = {isa = PBXFileReference; lastKnownFileType = sourcecode.swift; path = Nexus_Play_Mobile_AppUITests.swift; sourceTree = "<group>"; };
		D796ABCD2AEAF13D009D97CE /* Nexus_Play_Mobile_AppUITestsLaunchTests.swift */ = {isa = PBXFileReference; lastKnownFileType = sourcecode.swift; path = Nexus_Play_Mobile_AppUITestsLaunchTests.swift; sourceTree = "<group>"; };
		D796ABDF2AEAF846009D97CE /* GameTitle.swift */ = {isa = PBXFileReference; lastKnownFileType = sourcecode.swift; path = GameTitle.swift; sourceTree = "<group>"; };
		D796ABE42AEAF8E1009D97CE /* GameTitleAPI.swift */ = {isa = PBXFileReference; lastKnownFileType = sourcecode.swift; path = GameTitleAPI.swift; sourceTree = "<group>"; };
		D796ABE62AEAF901009D97CE /* LibraryViewModel.swift */ = {isa = PBXFileReference; lastKnownFileType = sourcecode.swift; path = LibraryViewModel.swift; sourceTree = "<group>"; };
		D796ABEA2AF5A218009D97CE /* MainView.swift */ = {isa = PBXFileReference; lastKnownFileType = sourcecode.swift; path = MainView.swift; sourceTree = "<group>"; };
		D799D0B62AFD81DA000057CD /* GameDescriptionView.swift */ = {isa = PBXFileReference; lastKnownFileType = sourcecode.swift; path = GameDescriptionView.swift; sourceTree = "<group>"; };
		D799D0B82AFD835D000057CD /* GameDescription.swift */ = {isa = PBXFileReference; lastKnownFileType = sourcecode.swift; path = GameDescription.swift; sourceTree = "<group>"; };
		D799D0BA2AFD83EB000057CD /* GameDescriptionViewModel.swift */ = {isa = PBXFileReference; lastKnownFileType = sourcecode.swift; path = GameDescriptionViewModel.swift; sourceTree = "<group>"; };
		D799D0BC2AFD8EB8000057CD /* StoreView.swift */ = {isa = PBXFileReference; lastKnownFileType = sourcecode.swift; path = StoreView.swift; sourceTree = "<group>"; };
		D799D0BE2B06B7B4000057CD /* CartView.swift */ = {isa = PBXFileReference; lastKnownFileType = sourcecode.swift; path = CartView.swift; sourceTree = "<group>"; };
		D799D0C02B06C448000057CD /* StoreDescriptionView.swift */ = {isa = PBXFileReference; lastKnownFileType = sourcecode.swift; path = StoreDescriptionView.swift; sourceTree = "<group>"; };
		D799D0C22B19AEC8000057CD /* PaymentDetailsView.swift */ = {isa = PBXFileReference; lastKnownFileType = sourcecode.swift; path = PaymentDetailsView.swift; sourceTree = "<group>"; };
/* End PBXFileReference section */

/* Begin PBXFrameworksBuildPhase section */
		D796ABA92AEAF137009D97CE /* Frameworks */ = {
			isa = PBXFrameworksBuildPhase;
			buildActionMask = 2147483647;
			files = (
			);
			runOnlyForDeploymentPostprocessing = 0;
		};
		D796ABBA2AEAF13D009D97CE /* Frameworks */ = {
			isa = PBXFrameworksBuildPhase;
			buildActionMask = 2147483647;
			files = (
			);
			runOnlyForDeploymentPostprocessing = 0;
		};
		D796ABC42AEAF13D009D97CE /* Frameworks */ = {
			isa = PBXFrameworksBuildPhase;
			buildActionMask = 2147483647;
			files = (
			);
			runOnlyForDeploymentPostprocessing = 0;
		};
/* End PBXFrameworksBuildPhase section */

/* Begin PBXGroup section */
		D796ABA32AEAF137009D97CE = {
			isa = PBXGroup;
			children = (
				D796ABAF2AEAF138009D97CE /* Nexus_Play_Mobile_AppApp.swift */,
				D796ABAE2AEAF137009D97CE /* Nexus Play Mobile App */,
				D796ABC02AEAF13D009D97CE /* Nexus Play Mobile AppTests */,
				D796ABCA2AEAF13D009D97CE /* Nexus Play Mobile AppUITests */,
				D796ABAD2AEAF137009D97CE /* Products */,
			);
			sourceTree = "<group>";
		};
		D796ABAD2AEAF137009D97CE /* Products */ = {
			isa = PBXGroup;
			children = (
				D796ABAC2AEAF137009D97CE /* Nexus Play Mobile App.app */,
				D796ABBD2AEAF13D009D97CE /* Nexus Play Mobile AppTests.xctest */,
				D796ABC72AEAF13D009D97CE /* Nexus Play Mobile AppUITests.xctest */,
			);
			name = Products;
			sourceTree = "<group>";
		};
		D796ABAE2AEAF137009D97CE /* Nexus Play Mobile App */ = {
			isa = PBXGroup;
			children = (
				D796ABE32AEAF8CD009D97CE /* Services */,
				D796ABE22AEAF8C0009D97CE /* ViewModels */,
				D796ABE12AEAF84F009D97CE /* Views */,
				D796ABDE2AEAF7E2009D97CE /* Models */,
				D796ABB32AEAF13D009D97CE /* Assets.xcassets */,
				D796ABB52AEAF13D009D97CE /* Nexus_Play_Mobile_App.entitlements */,
				D796ABB62AEAF13D009D97CE /* Preview Content */,
			);
			path = "Nexus Play Mobile App";
			sourceTree = "<group>";
		};
		D796ABB62AEAF13D009D97CE /* Preview Content */ = {
			isa = PBXGroup;
			children = (
				D796ABB72AEAF13D009D97CE /* Preview Assets.xcassets */,
			);
			path = "Preview Content";
			sourceTree = "<group>";
		};
		D796ABC02AEAF13D009D97CE /* Nexus Play Mobile AppTests */ = {
			isa = PBXGroup;
			children = (
				D796ABC12AEAF13D009D97CE /* Nexus_Play_Mobile_AppTests.swift */,
			);
			path = "Nexus Play Mobile AppTests";
			sourceTree = "<group>";
		};
		D796ABCA2AEAF13D009D97CE /* Nexus Play Mobile AppUITests */ = {
			isa = PBXGroup;
			children = (
				D796ABCB2AEAF13D009D97CE /* Nexus_Play_Mobile_AppUITests.swift */,
				D796ABCD2AEAF13D009D97CE /* Nexus_Play_Mobile_AppUITestsLaunchTests.swift */,
			);
			path = "Nexus Play Mobile AppUITests";
			sourceTree = "<group>";
		};
		D796ABDE2AEAF7E2009D97CE /* Models */ = {
			isa = PBXGroup;
			children = (
				D796ABDF2AEAF846009D97CE /* GameTitle.swift */,
				D799D0B82AFD835D000057CD /* GameDescription.swift */,
			);
			path = Models;
			sourceTree = "<group>";
		};
		D796ABE12AEAF84F009D97CE /* Views */ = {
			isa = PBXGroup;
			children = (
				D799D0B62AFD81DA000057CD /* GameDescriptionView.swift */,
				D799D0C02B06C448000057CD /* StoreDescriptionView.swift */,
				D796ABEA2AF5A218009D97CE /* MainView.swift */,
				D799D0BE2B06B7B4000057CD /* CartView.swift */,
				D796ABB12AEAF138009D97CE /* LibraryView.swift */,
				D799D0BC2AFD8EB8000057CD /* StoreView.swift */,
				D799D0C22B19AEC8000057CD /* PaymentDetailsView.swift */,
				D73A65022B2197620045D1A0 /* PaymentSuccessView.swift */,
				D73A65042B226D870045D1A0 /* ProfileView.swift */,
			);
			path = Views;
			sourceTree = "<group>";
		};
		D796ABE22AEAF8C0009D97CE /* ViewModels */ = {
			isa = PBXGroup;
			children = (
				D796ABE62AEAF901009D97CE /* LibraryViewModel.swift */,
				D799D0BA2AFD83EB000057CD /* GameDescriptionViewModel.swift */,
			);
			path = ViewModels;
			sourceTree = "<group>";
		};
		D796ABE32AEAF8CD009D97CE /* Services */ = {
			isa = PBXGroup;
			children = (
				D796ABE42AEAF8E1009D97CE /* GameTitleAPI.swift */,
			);
			path = Services;
			sourceTree = "<group>";
		};
/* End PBXGroup section */

/* Begin PBXNativeTarget section */
		D796ABAB2AEAF137009D97CE /* Nexus Play Mobile App */ = {
			isa = PBXNativeTarget;
			buildConfigurationList = D796ABD12AEAF13D009D97CE /* Build configuration list for PBXNativeTarget "Nexus Play Mobile App" */;
			buildPhases = (
				D796ABA82AEAF137009D97CE /* Sources */,
				D796ABA92AEAF137009D97CE /* Frameworks */,
				D796ABAA2AEAF137009D97CE /* Resources */,
			);
			buildRules = (
			);
			dependencies = (
			);
			name = "Nexus Play Mobile App";
			productName = "Nexus Play Mobile App";
			productReference = D796ABAC2AEAF137009D97CE /* Nexus Play Mobile App.app */;
			productType = "com.apple.product-type.application";
		};
		D796ABBC2AEAF13D009D97CE /* Nexus Play Mobile AppTests */ = {
			isa = PBXNativeTarget;
			buildConfigurationList = D796ABD42AEAF13D009D97CE /* Build configuration list for PBXNativeTarget "Nexus Play Mobile AppTests" */;
			buildPhases = (
				D796ABB92AEAF13D009D97CE /* Sources */,
				D796ABBA2AEAF13D009D97CE /* Frameworks */,
				D796ABBB2AEAF13D009D97CE /* Resources */,
			);
			buildRules = (
			);
			dependencies = (
				D796ABBF2AEAF13D009D97CE /* PBXTargetDependency */,
			);
			name = "Nexus Play Mobile AppTests";
			productName = "Nexus Play Mobile AppTests";
			productReference = D796ABBD2AEAF13D009D97CE /* Nexus Play Mobile AppTests.xctest */;
			productType = "com.apple.product-type.bundle.unit-test";
		};
		D796ABC62AEAF13D009D97CE /* Nexus Play Mobile AppUITests */ = {
			isa = PBXNativeTarget;
			buildConfigurationList = D796ABD72AEAF13D009D97CE /* Build configuration list for PBXNativeTarget "Nexus Play Mobile AppUITests" */;
			buildPhases = (
				D796ABC32AEAF13D009D97CE /* Sources */,
				D796ABC42AEAF13D009D97CE /* Frameworks */,
				D796ABC52AEAF13D009D97CE /* Resources */,
			);
			buildRules = (
			);
			dependencies = (
				D796ABC92AEAF13D009D97CE /* PBXTargetDependency */,
			);
			name = "Nexus Play Mobile AppUITests";
			productName = "Nexus Play Mobile AppUITests";
			productReference = D796ABC72AEAF13D009D97CE /* Nexus Play Mobile AppUITests.xctest */;
			productType = "com.apple.product-type.bundle.ui-testing";
		};
/* End PBXNativeTarget section */

/* Begin PBXProject section */
		D796ABA42AEAF137009D97CE /* Project object */ = {
			isa = PBXProject;
			attributes = {
				BuildIndependentTargetsInParallel = 1;
				LastSwiftUpdateCheck = 1500;
				LastUpgradeCheck = 1500;
				TargetAttributes = {
					D796ABAB2AEAF137009D97CE = {
						CreatedOnToolsVersion = 15.0;
					};
					D796ABBC2AEAF13D009D97CE = {
						CreatedOnToolsVersion = 15.0;
						TestTargetID = D796ABAB2AEAF137009D97CE;
					};
					D796ABC62AEAF13D009D97CE = {
						CreatedOnToolsVersion = 15.0;
						TestTargetID = D796ABAB2AEAF137009D97CE;
					};
				};
			};
			buildConfigurationList = D796ABA72AEAF137009D97CE /* Build configuration list for PBXProject "Nexus Play Mobile App" */;
			compatibilityVersion = "Xcode 14.0";
			developmentRegion = en;
			hasScannedForEncodings = 0;
			knownRegions = (
				en,
				Base,
			);
			mainGroup = D796ABA32AEAF137009D97CE;
			productRefGroup = D796ABAD2AEAF137009D97CE /* Products */;
			projectDirPath = "";
			projectRoot = "";
			targets = (
				D796ABAB2AEAF137009D97CE /* Nexus Play Mobile App */,
				D796ABBC2AEAF13D009D97CE /* Nexus Play Mobile AppTests */,
				D796ABC62AEAF13D009D97CE /* Nexus Play Mobile AppUITests */,
			);
		};
/* End PBXProject section */

/* Begin PBXResourcesBuildPhase section */
		D796ABAA2AEAF137009D97CE /* Resources */ = {
			isa = PBXResourcesBuildPhase;
			buildActionMask = 2147483647;
			files = (
				D796ABB82AEAF13D009D97CE /* Preview Assets.xcassets in Resources */,
				D796ABB42AEAF13D009D97CE /* Assets.xcassets in Resources */,
			);
			runOnlyForDeploymentPostprocessing = 0;
		};
		D796ABBB2AEAF13D009D97CE /* Resources */ = {
			isa = PBXResourcesBuildPhase;
			buildActionMask = 2147483647;
			files = (
			);
			runOnlyForDeploymentPostprocessing = 0;
		};
		D796ABC52AEAF13D009D97CE /* Resources */ = {
			isa = PBXResourcesBuildPhase;
			buildActionMask = 2147483647;
			files = (
			);
			runOnlyForDeploymentPostprocessing = 0;
		};
/* End PBXResourcesBuildPhase section */

/* Begin PBXSourcesBuildPhase section */
		D796ABA82AEAF137009D97CE /* Sources */ = {
			isa = PBXSourcesBuildPhase;
			buildActionMask = 2147483647;
			files = (
				D799D0B72AFD81DA000057CD /* GameDescriptionView.swift in Sources */,
				D799D0BB2AFD83EB000057CD /* GameDescriptionViewModel.swift in Sources */,
				D796ABB22AEAF138009D97CE /* LibraryView.swift in Sources */,
				D73A65032B2197620045D1A0 /* PaymentSuccessView.swift in Sources */,
				D796ABB02AEAF138009D97CE /* Nexus_Play_Mobile_AppApp.swift in Sources */,
				D796ABE02AEAF846009D97CE /* GameTitle.swift in Sources */,
				D796ABE72AEAF901009D97CE /* LibraryViewModel.swift in Sources */,
				D73A65052B226D870045D1A0 /* ProfileView.swift in Sources */,
				D799D0C12B06C448000057CD /* StoreDescriptionView.swift in Sources */,
				D799D0BF2B06B7B4000057CD /* CartView.swift in Sources */,
				D799D0C32B19AEC8000057CD /* PaymentDetailsView.swift in Sources */,
				D799D0B92AFD835D000057CD /* GameDescription.swift in Sources */,
				D796ABE52AEAF8E1009D97CE /* GameTitleAPI.swift in Sources */,
				D799D0BD2AFD8EB8000057CD /* StoreView.swift in Sources */,
				D796ABEB2AF5A218009D97CE /* MainView.swift in Sources */,
			);
			runOnlyForDeploymentPostprocessing = 0;
		};
		D796ABB92AEAF13D009D97CE /* Sources */ = {
			isa = PBXSourcesBuildPhase;
			buildActionMask = 2147483647;
			files = (
				D796ABC22AEAF13D009D97CE /* Nexus_Play_Mobile_AppTests.swift in Sources */,
			);
			runOnlyForDeploymentPostprocessing = 0;
		};
		D796ABC32AEAF13D009D97CE /* Sources */ = {
			isa = PBXSourcesBuildPhase;
			buildActionMask = 2147483647;
			files = (
				D796ABCE2AEAF13D009D97CE /* Nexus_Play_Mobile_AppUITestsLaunchTests.swift in Sources */,
				D796ABCC2AEAF13D009D97CE /* Nexus_Play_Mobile_AppUITests.swift in Sources */,
			);
			runOnlyForDeploymentPostprocessing = 0;
		};
/* End PBXSourcesBuildPhase section */

/* Begin PBXTargetDependency section */
		D796ABBF2AEAF13D009D97CE /* PBXTargetDependency */ = {
			isa = PBXTargetDependency;
			target = D796ABAB2AEAF137009D97CE /* Nexus Play Mobile App */;
			targetProxy = D796ABBE2AEAF13D009D97CE /* PBXContainerItemProxy */;
		};
		D796ABC92AEAF13D009D97CE /* PBXTargetDependency */ = {
			isa = PBXTargetDependency;
			target = D796ABAB2AEAF137009D97CE /* Nexus Play Mobile App */;
			targetProxy = D796ABC82AEAF13D009D97CE /* PBXContainerItemProxy */;
		};
/* End PBXTargetDependency section */

/* Begin XCBuildConfiguration section */
		D796ABCF2AEAF13D009D97CE /* Debug */ = {
			isa = XCBuildConfiguration;
			buildSettings = {
				ALWAYS_SEARCH_USER_PATHS = NO;
				ASSETCATALOG_COMPILER_GENERATE_SWIFT_ASSET_SYMBOL_EXTENSIONS = YES;
				CLANG_ANALYZER_NONNULL = YES;
				CLANG_ANALYZER_NUMBER_OBJECT_CONVERSION = YES_AGGRESSIVE;
				CLANG_CXX_LANGUAGE_STANDARD = "gnu++20";
				CLANG_ENABLE_MODULES = YES;
				CLANG_ENABLE_OBJC_ARC = YES;
				CLANG_ENABLE_OBJC_WEAK = YES;
				CLANG_WARN_BLOCK_CAPTURE_AUTORELEASING = YES;
				CLANG_WARN_BOOL_CONVERSION = YES;
				CLANG_WARN_COMMA = YES;
				CLANG_WARN_CONSTANT_CONVERSION = YES;
				CLANG_WARN_DEPRECATED_OBJC_IMPLEMENTATIONS = YES;
				CLANG_WARN_DIRECT_OBJC_ISA_USAGE = YES_ERROR;
				CLANG_WARN_DOCUMENTATION_COMMENTS = YES;
				CLANG_WARN_EMPTY_BODY = YES;
				CLANG_WARN_ENUM_CONVERSION = YES;
				CLANG_WARN_INFINITE_RECURSION = YES;
				CLANG_WARN_INT_CONVERSION = YES;
				CLANG_WARN_NON_LITERAL_NULL_CONVERSION = YES;
				CLANG_WARN_OBJC_IMPLICIT_RETAIN_SELF = YES;
				CLANG_WARN_OBJC_LITERAL_CONVERSION = YES;
				CLANG_WARN_OBJC_ROOT_CLASS = YES_ERROR;
				CLANG_WARN_QUOTED_INCLUDE_IN_FRAMEWORK_HEADER = YES;
				CLANG_WARN_RANGE_LOOP_ANALYSIS = YES;
				CLANG_WARN_STRICT_PROTOTYPES = YES;
				CLANG_WARN_SUSPICIOUS_MOVE = YES;
				CLANG_WARN_UNGUARDED_AVAILABILITY = YES_AGGRESSIVE;
				CLANG_WARN_UNREACHABLE_CODE = YES;
				CLANG_WARN__DUPLICATE_METHOD_MATCH = YES;
				COPY_PHASE_STRIP = NO;
				DEBUG_INFORMATION_FORMAT = dwarf;
				ENABLE_STRICT_OBJC_MSGSEND = YES;
				ENABLE_TESTABILITY = YES;
				ENABLE_USER_SCRIPT_SANDBOXING = YES;
				GCC_C_LANGUAGE_STANDARD = gnu17;
				GCC_DYNAMIC_NO_PIC = NO;
				GCC_NO_COMMON_BLOCKS = YES;
				GCC_OPTIMIZATION_LEVEL = 0;
				GCC_PREPROCESSOR_DEFINITIONS = (
					"DEBUG=1",
					"$(inherited)",
				);
				GCC_WARN_64_TO_32_BIT_CONVERSION = YES;
				GCC_WARN_ABOUT_RETURN_TYPE = YES_ERROR;
				GCC_WARN_UNDECLARED_SELECTOR = YES;
				GCC_WARN_UNINITIALIZED_AUTOS = YES_AGGRESSIVE;
				GCC_WARN_UNUSED_FUNCTION = YES;
				GCC_WARN_UNUSED_VARIABLE = YES;
				LOCALIZATION_PREFERS_STRING_CATALOGS = YES;
				MTL_ENABLE_DEBUG_INFO = INCLUDE_SOURCE;
				MTL_FAST_MATH = YES;
				ONLY_ACTIVE_ARCH = YES;
				SWIFT_ACTIVE_COMPILATION_CONDITIONS = "DEBUG $(inherited)";
				SWIFT_OPTIMIZATION_LEVEL = "-Onone";
			};
			name = Debug;
		};
		D796ABD02AEAF13D009D97CE /* Release */ = {
			isa = XCBuildConfiguration;
			buildSettings = {
				ALWAYS_SEARCH_USER_PATHS = NO;
				ASSETCATALOG_COMPILER_GENERATE_SWIFT_ASSET_SYMBOL_EXTENSIONS = YES;
				CLANG_ANALYZER_NONNULL = YES;
				CLANG_ANALYZER_NUMBER_OBJECT_CONVERSION = YES_AGGRESSIVE;
				CLANG_CXX_LANGUAGE_STANDARD = "gnu++20";
				CLANG_ENABLE_MODULES = YES;
				CLANG_ENABLE_OBJC_ARC = YES;
				CLANG_ENABLE_OBJC_WEAK = YES;
				CLANG_WARN_BLOCK_CAPTURE_AUTORELEASING = YES;
				CLANG_WARN_BOOL_CONVERSION = YES;
				CLANG_WARN_COMMA = YES;
				CLANG_WARN_CONSTANT_CONVERSION = YES;
				CLANG_WARN_DEPRECATED_OBJC_IMPLEMENTATIONS = YES;
				CLANG_WARN_DIRECT_OBJC_ISA_USAGE = YES_ERROR;
				CLANG_WARN_DOCUMENTATION_COMMENTS = YES;
				CLANG_WARN_EMPTY_BODY = YES;
				CLANG_WARN_ENUM_CONVERSION = YES;
				CLANG_WARN_INFINITE_RECURSION = YES;
				CLANG_WARN_INT_CONVERSION = YES;
				CLANG_WARN_NON_LITERAL_NULL_CONVERSION = YES;
				CLANG_WARN_OBJC_IMPLICIT_RETAIN_SELF = YES;
				CLANG_WARN_OBJC_LITERAL_CONVERSION = YES;
				CLANG_WARN_OBJC_ROOT_CLASS = YES_ERROR;
				CLANG_WARN_QUOTED_INCLUDE_IN_FRAMEWORK_HEADER = YES;
				CLANG_WARN_RANGE_LOOP_ANALYSIS = YES;
				CLANG_WARN_STRICT_PROTOTYPES = YES;
				CLANG_WARN_SUSPICIOUS_MOVE = YES;
				CLANG_WARN_UNGUARDED_AVAILABILITY = YES_AGGRESSIVE;
				CLANG_WARN_UNREACHABLE_CODE = YES;
				CLANG_WARN__DUPLICATE_METHOD_MATCH = YES;
				COPY_PHASE_STRIP = NO;
				DEBUG_INFORMATION_FORMAT = "dwarf-with-dsym";
				ENABLE_NS_ASSERTIONS = NO;
				ENABLE_STRICT_OBJC_MSGSEND = YES;
				ENABLE_USER_SCRIPT_SANDBOXING = YES;
				GCC_C_LANGUAGE_STANDARD = gnu17;
				GCC_NO_COMMON_BLOCKS = YES;
				GCC_WARN_64_TO_32_BIT_CONVERSION = YES;
				GCC_WARN_ABOUT_RETURN_TYPE = YES_ERROR;
				GCC_WARN_UNDECLARED_SELECTOR = YES;
				GCC_WARN_UNINITIALIZED_AUTOS = YES_AGGRESSIVE;
				GCC_WARN_UNUSED_FUNCTION = YES;
				GCC_WARN_UNUSED_VARIABLE = YES;
				LOCALIZATION_PREFERS_STRING_CATALOGS = YES;
				MTL_ENABLE_DEBUG_INFO = NO;
				MTL_FAST_MATH = YES;
				SWIFT_COMPILATION_MODE = wholemodule;
			};
			name = Release;
		};
		D796ABD22AEAF13D009D97CE /* Debug */ = {
			isa = XCBuildConfiguration;
			buildSettings = {
				ASSETCATALOG_COMPILER_APPICON_NAME = AppIcon;
				ASSETCATALOG_COMPILER_GLOBAL_ACCENT_COLOR_NAME = AccentColor;
				CODE_SIGN_ENTITLEMENTS = "Nexus Play Mobile App/Nexus_Play_Mobile_App.entitlements";
				CODE_SIGN_STYLE = Automatic;
				CURRENT_PROJECT_VERSION = 1;
				DEVELOPMENT_ASSET_PATHS = "\"Nexus Play Mobile App/Preview Content\"";
				ENABLE_PREVIEWS = YES;
				GENERATE_INFOPLIST_FILE = YES;
				"INFOPLIST_KEY_UIApplicationSceneManifest_Generation[sdk=iphoneos*]" = YES;
				"INFOPLIST_KEY_UIApplicationSceneManifest_Generation[sdk=iphonesimulator*]" = YES;
				"INFOPLIST_KEY_UIApplicationSupportsIndirectInputEvents[sdk=iphoneos*]" = YES;
				"INFOPLIST_KEY_UIApplicationSupportsIndirectInputEvents[sdk=iphonesimulator*]" = YES;
				"INFOPLIST_KEY_UILaunchScreen_Generation[sdk=iphoneos*]" = YES;
				"INFOPLIST_KEY_UILaunchScreen_Generation[sdk=iphonesimulator*]" = YES;
				"INFOPLIST_KEY_UIStatusBarStyle[sdk=iphoneos*]" = UIStatusBarStyleDefault;
				"INFOPLIST_KEY_UIStatusBarStyle[sdk=iphonesimulator*]" = UIStatusBarStyleDefault;
				INFOPLIST_KEY_UISupportedInterfaceOrientations_iPad = "UIInterfaceOrientationPortrait UIInterfaceOrientationPortraitUpsideDown UIInterfaceOrientationLandscapeLeft UIInterfaceOrientationLandscapeRight";
				INFOPLIST_KEY_UISupportedInterfaceOrientations_iPhone = "UIInterfaceOrientationPortrait UIInterfaceOrientationLandscapeLeft UIInterfaceOrientationLandscapeRight";
				IPHONEOS_DEPLOYMENT_TARGET = 17.0;
				LD_RUNPATH_SEARCH_PATHS = "@executable_path/Frameworks";
				"LD_RUNPATH_SEARCH_PATHS[sdk=macosx*]" = "@executable_path/../Frameworks";
				MACOSX_DEPLOYMENT_TARGET = 13.5;
				MARKETING_VERSION = 1.0;
				PRODUCT_BUNDLE_IDENTIFIER = "Swift-UI.Nexus-Play-Mobile-App";
				PRODUCT_NAME = "$(TARGET_NAME)";
				SDKROOT = auto;
				SUPPORTED_PLATFORMS = "iphoneos iphonesimulator macosx";
				SWIFT_EMIT_LOC_STRINGS = YES;
				SWIFT_VERSION = 5.0;
				TARGETED_DEVICE_FAMILY = "1,2";
			};
			name = Debug;
		};
		D796ABD32AEAF13D009D97CE /* Release */ = {
			isa = XCBuildConfiguration;
			buildSettings = {
				ASSETCATALOG_COMPILER_APPICON_NAME = AppIcon;
				ASSETCATALOG_COMPILER_GLOBAL_ACCENT_COLOR_NAME = AccentColor;
				CODE_SIGN_ENTITLEMENTS = "Nexus Play Mobile App/Nexus_Play_Mobile_App.entitlements";
				CODE_SIGN_STYLE = Automatic;
				CURRENT_PROJECT_VERSION = 1;
				DEVELOPMENT_ASSET_PATHS = "\"Nexus Play Mobile App/Preview Content\"";
				ENABLE_PREVIEWS = YES;
				GENERATE_INFOPLIST_FILE = YES;
				"INFOPLIST_KEY_UIApplicationSceneManifest_Generation[sdk=iphoneos*]" = YES;
				"INFOPLIST_KEY_UIApplicationSceneManifest_Generation[sdk=iphonesimulator*]" = YES;
				"INFOPLIST_KEY_UIApplicationSupportsIndirectInputEvents[sdk=iphoneos*]" = YES;
				"INFOPLIST_KEY_UIApplicationSupportsIndirectInputEvents[sdk=iphonesimulator*]" = YES;
				"INFOPLIST_KEY_UILaunchScreen_Generation[sdk=iphoneos*]" = YES;
				"INFOPLIST_KEY_UILaunchScreen_Generation[sdk=iphonesimulator*]" = YES;
				"INFOPLIST_KEY_UIStatusBarStyle[sdk=iphoneos*]" = UIStatusBarStyleDefault;
				"INFOPLIST_KEY_UIStatusBarStyle[sdk=iphonesimulator*]" = UIStatusBarStyleDefault;
				INFOPLIST_KEY_UISupportedInterfaceOrientations_iPad = "UIInterfaceOrientationPortrait UIInterfaceOrientationPortraitUpsideDown UIInterfaceOrientationLandscapeLeft UIInterfaceOrientationLandscapeRight";
				INFOPLIST_KEY_UISupportedInterfaceOrientations_iPhone = "UIInterfaceOrientationPortrait UIInterfaceOrientationLandscapeLeft UIInterfaceOrientationLandscapeRight";
				IPHONEOS_DEPLOYMENT_TARGET = 17.0;
				LD_RUNPATH_SEARCH_PATHS = "@executable_path/Frameworks";
				"LD_RUNPATH_SEARCH_PATHS[sdk=macosx*]" = "@executable_path/../Frameworks";
				MACOSX_DEPLOYMENT_TARGET = 13.5;
				MARKETING_VERSION = 1.0;
				PRODUCT_BUNDLE_IDENTIFIER = "Swift-UI.Nexus-Play-Mobile-App";
				PRODUCT_NAME = "$(TARGET_NAME)";
				SDKROOT = auto;
				SUPPORTED_PLATFORMS = "iphoneos iphonesimulator macosx";
				SWIFT_EMIT_LOC_STRINGS = YES;
				SWIFT_VERSION = 5.0;
				TARGETED_DEVICE_FAMILY = "1,2";
			};
			name = Release;
		};
		D796ABD52AEAF13D009D97CE /* Debug */ = {
			isa = XCBuildConfiguration;
			buildSettings = {
				ALWAYS_EMBED_SWIFT_STANDARD_LIBRARIES = YES;
				BUNDLE_LOADER = "$(TEST_HOST)";
				CODE_SIGN_STYLE = Automatic;
				CURRENT_PROJECT_VERSION = 1;
				GENERATE_INFOPLIST_FILE = YES;
				IPHONEOS_DEPLOYMENT_TARGET = 17.0;
				MACOSX_DEPLOYMENT_TARGET = 13.5;
				MARKETING_VERSION = 1.0;
				PRODUCT_BUNDLE_IDENTIFIER = "Swift-UI.Nexus-Play-Mobile-AppTests";
				PRODUCT_NAME = "$(TARGET_NAME)";
				SDKROOT = auto;
				SUPPORTED_PLATFORMS = "iphoneos iphonesimulator macosx";
				SWIFT_EMIT_LOC_STRINGS = NO;
				SWIFT_VERSION = 5.0;
				TARGETED_DEVICE_FAMILY = "1,2";
				TEST_HOST = "$(BUILT_PRODUCTS_DIR)/Nexus Play Mobile App.app/$(BUNDLE_EXECUTABLE_FOLDER_PATH)/Nexus Play Mobile App";
			};
			name = Debug;
		};
		D796ABD62AEAF13D009D97CE /* Release */ = {
			isa = XCBuildConfiguration;
			buildSettings = {
				ALWAYS_EMBED_SWIFT_STANDARD_LIBRARIES = YES;
				BUNDLE_LOADER = "$(TEST_HOST)";
				CODE_SIGN_STYLE = Automatic;
				CURRENT_PROJECT_VERSION = 1;
				GENERATE_INFOPLIST_FILE = YES;
				IPHONEOS_DEPLOYMENT_TARGET = 17.0;
				MACOSX_DEPLOYMENT_TARGET = 13.5;
				MARKETING_VERSION = 1.0;
				PRODUCT_BUNDLE_IDENTIFIER = "Swift-UI.Nexus-Play-Mobile-AppTests";
				PRODUCT_NAME = "$(TARGET_NAME)";
				SDKROOT = auto;
				SUPPORTED_PLATFORMS = "iphoneos iphonesimulator macosx";
				SWIFT_EMIT_LOC_STRINGS = NO;
				SWIFT_VERSION = 5.0;
				TARGETED_DEVICE_FAMILY = "1,2";
				TEST_HOST = "$(BUILT_PRODUCTS_DIR)/Nexus Play Mobile App.app/$(BUNDLE_EXECUTABLE_FOLDER_PATH)/Nexus Play Mobile App";
			};
			name = Release;
		};
		D796ABD82AEAF13D009D97CE /* Debug */ = {
			isa = XCBuildConfiguration;
			buildSettings = {
				ALWAYS_EMBED_SWIFT_STANDARD_LIBRARIES = YES;
				CODE_SIGN_STYLE = Automatic;
				CURRENT_PROJECT_VERSION = 1;
				GENERATE_INFOPLIST_FILE = YES;
				IPHONEOS_DEPLOYMENT_TARGET = 17.0;
				MACOSX_DEPLOYMENT_TARGET = 13.5;
				MARKETING_VERSION = 1.0;
				PRODUCT_BUNDLE_IDENTIFIER = "Swift-UI.Nexus-Play-Mobile-AppUITests";
				PRODUCT_NAME = "$(TARGET_NAME)";
				SDKROOT = auto;
				SUPPORTED_PLATFORMS = "iphoneos iphonesimulator macosx";
				SWIFT_EMIT_LOC_STRINGS = NO;
				SWIFT_VERSION = 5.0;
				TARGETED_DEVICE_FAMILY = "1,2";
				TEST_TARGET_NAME = "Nexus Play Mobile App";
			};
			name = Debug;
		};
		D796ABD92AEAF13D009D97CE /* Release */ = {
			isa = XCBuildConfiguration;
			buildSettings = {
				ALWAYS_EMBED_SWIFT_STANDARD_LIBRARIES = YES;
				CODE_SIGN_STYLE = Automatic;
				CURRENT_PROJECT_VERSION = 1;
				GENERATE_INFOPLIST_FILE = YES;
				IPHONEOS_DEPLOYMENT_TARGET = 17.0;
				MACOSX_DEPLOYMENT_TARGET = 13.5;
				MARKETING_VERSION = 1.0;
				PRODUCT_BUNDLE_IDENTIFIER = "Swift-UI.Nexus-Play-Mobile-AppUITests";
				PRODUCT_NAME = "$(TARGET_NAME)";
				SDKROOT = auto;
				SUPPORTED_PLATFORMS = "iphoneos iphonesimulator macosx";
				SWIFT_EMIT_LOC_STRINGS = NO;
				SWIFT_VERSION = 5.0;
				TARGETED_DEVICE_FAMILY = "1,2";
				TEST_TARGET_NAME = "Nexus Play Mobile App";
			};
			name = Release;
		};
/* End XCBuildConfiguration section */

/* Begin XCConfigurationList section */
		D796ABA72AEAF137009D97CE /* Build configuration list for PBXProject "Nexus Play Mobile App" */ = {
			isa = XCConfigurationList;
			buildConfigurations = (
				D796ABCF2AEAF13D009D97CE /* Debug */,
				D796ABD02AEAF13D009D97CE /* Release */,
			);
			defaultConfigurationIsVisible = 0;
			defaultConfigurationName = Release;
		};
		D796ABD12AEAF13D009D97CE /* Build configuration list for PBXNativeTarget "Nexus Play Mobile App" */ = {
			isa = XCConfigurationList;
			buildConfigurations = (
				D796ABD22AEAF13D009D97CE /* Debug */,
				D796ABD32AEAF13D009D97CE /* Release */,
			);
			defaultConfigurationIsVisible = 0;
			defaultConfigurationName = Release;
		};
		D796ABD42AEAF13D009D97CE /* Build configuration list for PBXNativeTarget "Nexus Play Mobile AppTests" */ = {
			isa = XCConfigurationList;
			buildConfigurations = (
				D796ABD52AEAF13D009D97CE /* Debug */,
				D796ABD62AEAF13D009D97CE /* Release */,
			);
			defaultConfigurationIsVisible = 0;
			defaultConfigurationName = Release;
		};
		D796ABD72AEAF13D009D97CE /* Build configuration list for PBXNativeTarget "Nexus Play Mobile AppUITests" */ = {
			isa = XCConfigurationList;
			buildConfigurations = (
				D796ABD82AEAF13D009D97CE /* Debug */,
				D796ABD92AEAF13D009D97CE /* Release */,
			);
			defaultConfigurationIsVisible = 0;
			defaultConfigurationName = Release;
		};
/* End XCConfigurationList section */
	};
	rootObject = D796ABA42AEAF137009D97CE /* Project object */;
}
